
Microsoft Visual Studio Solution File, Format Version 12.00
# Visual Studio Version 17
VisualStudioVersion = 17.1.32421.90
MinimumVisualStudioVersion = 10.0.40219.1
Project("{9A19103F-16F7-4668-BE54-9A1E7A4F7556}") = "dotNET_HDOJ2_FinalProject", "dotNET_HDOJ2_FinalProject.csproj", "{6C58BE29-6B89-4C04-9B4A-33B57C5C4449}"
	ProjectSection(ProjectDependencies) = postProject
		{5BA9A001-8C60-44FC-B1A0-909024590391} = {5BA9A001-8C60-44FC-B1A0-909024590391}
		{18D4715A-7710-47B8-99EF-82F425C9B859} = {18D4715A-7710-47B8-99EF-82F425C9B859}
		{EF45D67E-736B-4D89-B7FD-3DFE3E8AE723} = {EF45D67E-736B-4D89-B7FD-3DFE3E8AE723}
		{330F838A-8E58-4772-A4A0-1F6FE50C6B02} = {330F838A-8E58-4772-A4A0-1F6FE50C6B02}
	EndProjectSection
EndProject
Project("{9A19103F-16F7-4668-BE54-9A1E7A4F7556}") = "CompilerService", "..\CompilerService\CompilerService.csproj", "{18D4715A-7710-47B8-99EF-82F425C9B859}"
EndProject
Project("{9A19103F-16F7-4668-BE54-9A1E7A4F7556}") = "CheckAnswerService", "..\CheckAnswerService\CheckAnswerService.csproj", "{5BA9A001-8C60-44FC-B1A0-909024590391}"
	ProjectSection(ProjectDependencies) = postProject
		{EF45D67E-736B-4D89-B7FD-3DFE3E8AE723} = {EF45D67E-736B-4D89-B7FD-3DFE3E8AE723}
	EndProjectSection
EndProject
Project("{9A19103F-16F7-4668-BE54-9A1E7A4F7556}") = "AdminService", "..\AdminService\AdminService.csproj", "{330F838A-8E58-4772-A4A0-1F6FE50C6B02}"
EndProject
Project("{9A19103F-16F7-4668-BE54-9A1E7A4F7556}") = "DataModels", "..\DataModels\DataModels.csproj", "{EF45D67E-736B-4D89-B7FD-3DFE3E8AE723}"
EndProject
Project("{8BC9CEB8-8B4A-11D0-8D11-00A0C91BC942}") = "CalculatorService", "..\CalculatorService\CalculatorService.vcxproj", "{574C4A1C-2C6E-4316-97DB-2E083F79CB67}"
EndProject
Project("{8BC9CEB8-8B4A-11D0-8D11-00A0C91BC942}") = "AES", "..\AES\AES\AES\AES.vcxproj", "{CF449BAC-DC4C-42FB-8468-FCCFE543359F}"
EndProject
Global
	GlobalSection(SolutionConfigurationPlatforms) = preSolution
		Debug|Any CPU = Debug|Any CPU
		Debug|x64 = Debug|x64
		Debug|x86 = Debug|x86
		Release|Any CPU = Release|Any CPU
		Release|x64 = Release|x64
		Release|x86 = Release|x86
	EndGlobalSection
	GlobalSection(ProjectConfigurationPlatforms) = postSolution
		{6C58BE29-6B89-4C04-9B4A-33B57C5C4449}.Debug|Any CPU.ActiveCfg = Debug|Any CPU
		{6C58BE29-6B89-4C04-9B4A-33B57C5C4449}.Debug|Any CPU.Build.0 = Debug|Any CPU
		{6C58BE29-6B89-4C04-9B4A-33B57C5C4449}.Debug|x64.ActiveCfg = Debug|Any CPU
		{6C58BE29-6B89-4C04-9B4A-33B57C5C4449}.Debug|x64.Build.0 = Debug|Any CPU
		{6C58BE29-6B89-4C04-9B4A-33B57C5C4449}.Debug|x86.ActiveCfg = Debug|Any CPU
		{6C58BE29-6B89-4C04-9B4A-33B57C5C4449}.Debug|x86.Build.0 = Debug|Any CPU
		{6C58BE29-6B89-4C04-9B4A-33B57C5C4449}.Release|Any CPU.ActiveCfg = Release|Any CPU
		{6C58BE29-6B89-4C04-9B4A-33B57C5C4449}.Release|Any CPU.Build.0 = Release|Any CPU
		{6C58BE29-6B89-4C04-9B4A-33B57C5C4449}.Release|x64.ActiveCfg = Release|Any CPU
		{6C58BE29-6B89-4C04-9B4A-33B57C5C4449}.Release|x64.Build.0 = Release|Any CPU
		{6C58BE29-6B89-4C04-9B4A-33B57C5C4449}.Release|x86.ActiveCfg = Release|Any CPU
		{6C58BE29-6B89-4C04-9B4A-33B57C5C4449}.Release|x86.Build.0 = Release|Any CPU
		{18D4715A-7710-47B8-99EF-82F425C9B859}.Debug|Any CPU.ActiveCfg = Debug|Any CPU
		{18D4715A-7710-47B8-99EF-82F425C9B859}.Debug|Any CPU.Build.0 = Debug|Any CPU
		{18D4715A-7710-47B8-99EF-82F425C9B859}.Debug|x64.ActiveCfg = Debug|Any CPU
		{18D4715A-7710-47B8-99EF-82F425C9B859}.Debug|x64.Build.0 = Debug|Any CPU
		{18D4715A-7710-47B8-99EF-82F425C9B859}.Debug|x86.ActiveCfg = Debug|Any CPU
		{18D4715A-7710-47B8-99EF-82F425C9B859}.Debug|x86.Build.0 = Debug|Any CPU
		{18D4715A-7710-47B8-99EF-82F425C9B859}.Release|Any CPU.ActiveCfg = Release|Any CPU
		{18D4715A-7710-47B8-99EF-82F425C9B859}.Release|Any CPU.Build.0 = Release|Any CPU
		{18D4715A-7710-47B8-99EF-82F425C9B859}.Release|x64.ActiveCfg = Release|Any CPU
		{18D4715A-7710-47B8-99EF-82F425C9B859}.Release|x64.Build.0 = Release|Any CPU
		{18D4715A-7710-47B8-99EF-82F425C9B859}.Release|x86.ActiveCfg = Release|Any CPU
		{18D4715A-7710-47B8-99EF-82F425C9B859}.Release|x86.Build.0 = Release|Any CPU
		{5BA9A001-8C60-44FC-B1A0-909024590391}.Debug|Any CPU.ActiveCfg = Debug|Any CPU
		{5BA9A001-8C60-44FC-B1A0-909024590391}.Debug|Any CPU.Build.0 = Debug|Any CPU
		{5BA9A001-8C60-44FC-B1A0-909024590391}.Debug|x64.ActiveCfg = Debug|Any CPU
		{5BA9A001-8C60-44FC-B1A0-909024590391}.Debug|x64.Build.0 = Debug|Any CPU
		{5BA9A001-8C60-44FC-B1A0-909024590391}.Debug|x86.ActiveCfg = Debug|Any CPU
		{5BA9A001-8C60-44FC-B1A0-909024590391}.Debug|x86.Build.0 = Debug|Any CPU
		{5BA9A001-8C60-44FC-B1A0-909024590391}.Release|Any CPU.ActiveCfg = Release|Any CPU
		{5BA9A001-8C60-44FC-B1A0-909024590391}.Release|Any CPU.Build.0 = Release|Any CPU
		{5BA9A001-8C60-44FC-B1A0-909024590391}.Release|x64.ActiveCfg = Release|Any CPU
		{5BA9A001-8C60-44FC-B1A0-909024590391}.Release|x64.Build.0 = Release|Any CPU
		{5BA9A001-8C60-44FC-B1A0-909024590391}.Release|x86.ActiveCfg = Release|Any CPU
		{5BA9A001-8C60-44FC-B1A0-909024590391}.Release|x86.Build.0 = Release|Any CPU
		{330F838A-8E58-4772-A4A0-1F6FE50C6B02}.Debug|Any CPU.ActiveCfg = Debug|Any CPU
		{330F838A-8E58-4772-A4A0-1F6FE50C6B02}.Debug|Any CPU.Build.0 = Debug|Any CPU
		{330F838A-8E58-4772-A4A0-1F6FE50C6B02}.Debug|x64.ActiveCfg = Debug|Any CPU
		{330F838A-8E58-4772-A4A0-1F6FE50C6B02}.Debug|x64.Build.0 = Debug|Any CPU
		{330F838A-8E58-4772-A4A0-1F6FE50C6B02}.Debug|x86.ActiveCfg = Debug|Any CPU
		{330F838A-8E58-4772-A4A0-1F6FE50C6B02}.Debug|x86.Build.0 = Debug|Any CPU
		{330F838A-8E58-4772-A4A0-1F6FE50C6B02}.Release|Any CPU.ActiveCfg = Release|Any CPU
		{330F838A-8E58-4772-A4A0-1F6FE50C6B02}.Release|Any CPU.Build.0 = Release|Any CPU
		{330F838A-8E58-4772-A4A0-1F6FE50C6B02}.Release|x64.ActiveCfg = Release|Any CPU
		{330F838A-8E58-4772-A4A0-1F6FE50C6B02}.Release|x64.Build.0 = Release|Any CPU
		{330F838A-8E58-4772-A4A0-1F6FE50C6B02}.Release|x86.ActiveCfg = Release|Any CPU
		{330F838A-8E58-4772-A4A0-1F6FE50C6B02}.Release|x86.Build.0 = Release|Any CPU
		{EF45D67E-736B-4D89-B7FD-3DFE3E8AE723}.Debug|Any CPU.ActiveCfg = Debug|Any CPU
		{EF45D67E-736B-4D89-B7FD-3DFE3E8AE723}.Debug|Any CPU.Build.0 = Debug|Any CPU
		{EF45D67E-736B-4D89-B7FD-3DFE3E8AE723}.Debug|x64.ActiveCfg = Debug|Any CPU
		{EF45D67E-736B-4D89-B7FD-3DFE3E8AE723}.Debug|x64.Build.0 = Debug|Any CPU
		{EF45D67E-736B-4D89-B7FD-3DFE3E8AE723}.Debug|x86.ActiveCfg = Debug|Any CPU
		{EF45D67E-736B-4D89-B7FD-3DFE3E8AE723}.Debug|x86.Build.0 = Debug|Any CPU
		{EF45D67E-736B-4D89-B7FD-3DFE3E8AE723}.Release|Any CPU.ActiveCfg = Release|Any CPU
		{EF45D67E-736B-4D89-B7FD-3DFE3E8AE723}.Release|Any CPU.Build.0 = Release|Any CPU
		{EF45D67E-736B-4D89-B7FD-3DFE3E8AE723}.Release|x64.ActiveCfg = Release|Any CPU
		{EF45D67E-736B-4D89-B7FD-3DFE3E8AE723}.Release|x64.Build.0 = Release|Any CPU
		{EF45D67E-736B-4D89-B7FD-3DFE3E8AE723}.Release|x86.ActiveCfg = Release|Any CPU
		{EF45D67E-736B-4D89-B7FD-3DFE3E8AE723}.Release|x86.Build.0 = Release|Any CPU
		{574C4A1C-2C6E-4316-97DB-2E083F79CB67}.Debug|Any CPU.ActiveCfg = Debug|Win32
		{574C4A1C-2C6E-4316-97DB-2E083F79CB67}.Debug|Any CPU.Build.0 = Debug|Win32
		{574C4A1C-2C6E-4316-97DB-2E083F79CB67}.Debug|x64.ActiveCfg = Debug|x64
		{574C4A1C-2C6E-4316-97DB-2E083F79CB67}.Debug|x64.Build.0 = Debug|x64
		{574C4A1C-2C6E-4316-97DB-2E083F79CB67}.Debug|x86.ActiveCfg = Debug|Win32
		{574C4A1C-2C6E-4316-97DB-2E083F79CB67}.Debug|x86.Build.0 = Debug|Win32
		{574C4A1C-2C6E-4316-97DB-2E083F79CB67}.Release|Any CPU.ActiveCfg = Release|x64
		{574C4A1C-2C6E-4316-97DB-2E083F79CB67}.Release|Any CPU.Build.0 = Release|x64
		{574C4A1C-2C6E-4316-97DB-2E083F79CB67}.Release|x64.ActiveCfg = Release|x64
		{574C4A1C-2C6E-4316-97DB-2E083F79CB67}.Release|x64.Build.0 = Release|x64
		{574C4A1C-2C6E-4316-97DB-2E083F79CB67}.Release|x86.ActiveCfg = Release|Win32
		{574C4A1C-2C6E-4316-97DB-2E083F79CB67}.Release|x86.Build.0 = Release|Win32
		{CF449BAC-DC4C-42FB-8468-FCCFE543359F}.Debug|Any CPU.ActiveCfg = Debug|x64
		{CF449BAC-DC4C-42FB-8468-FCCFE543359F}.Debug|Any CPU.Build.0 = Debug|x64
		{CF449BAC-DC4C-42FB-8468-FCCFE543359F}.Debug|x64.ActiveCfg = Debug|x64
		{CF449BAC-DC4C-42FB-8468-FCCFE543359F}.Debug|x64.Build.0 = Debug|x64
		{CF449BAC-DC4C-42FB-8468-FCCFE543359F}.Debug|x86.ActiveCfg = Debug|Win32
		{CF449BAC-DC4C-42FB-8468-FCCFE543359F}.Debug|x86.Build.0 = Debug|Win32
		{CF449BAC-DC4C-42FB-8468-FCCFE543359F}.Release|Any CPU.ActiveCfg = Release|x64
		{CF449BAC-DC4C-42FB-8468-FCCFE543359F}.Release|Any CPU.Build.0 = Release|x64
		{CF449BAC-DC4C-42FB-8468-FCCFE543359F}.Release|x64.ActiveCfg = Release|x64
		{CF449BAC-DC4C-42FB-8468-FCCFE543359F}.Release|x64.Build.0 = Release|x64
		{CF449BAC-DC4C-42FB-8468-FCCFE543359F}.Release|x86.ActiveCfg = Release|Win32
		{CF449BAC-DC4C-42FB-8468-FCCFE543359F}.Release|x86.Build.0 = Release|Win32
	EndGlobalSection
	GlobalSection(SolutionProperties) = preSolution
		HideSolutionNode = FALSE
	EndGlobalSection
	GlobalSection(ExtensibilityGlobals) = postSolution
		SolutionGuid = {E9BAD79D-7685-411F-B351-EF2AEECDF10D}
	EndGlobalSection
EndGlobal
